
Microsoft Visual Studio Solution File, Format Version 12.00
# Visual Studio 14
VisualStudioVersion = 14.0.25420.1
MinimumVisualStudioVersion = 10.0.40219.1
Project("{FAE04EC0-301F-11D3-BF4B-00C04F79EFBC}") = "ConsumeWebServiceRest", "ConsumeWebServiceRest\ConsumeWebServiceRest.csproj", "{BCBE9432-E1C2-4064-8295-E0DC82C43063}"
EndProject
Project("{FAE04EC0-301F-11D3-BF4B-00C04F79EFBC}") = "RDMDALWSR", "RDMDALWSR\RDMDALWSR.csproj", "{081E97D3-6CA3-4ED7-B790-F913DDD1D2A4}"
EndProject
Project("{FAE04EC0-301F-11D3-BF4B-00C04F79EFBC}") = "RDMService", "RDMService\RDMService.csproj", "{6347770C-4F4A-4173-A2A8-83FF1D70A665}"
EndProject
Project("{FAE04EC0-301F-11D3-BF4B-00C04F79EFBC}") = "RDMClient", "RDMClient\RDMClient.csproj", "{439B3486-D701-4E29-8C3A-40310D35BD33}"
EndProject
Project("{FAE04EC0-301F-11D3-BF4B-00C04F79EFBC}") = "RDMWinPhone", "RDMWinPhone\RDMWinPhone.csproj", "{6CD3F04A-7768-4561-BC5C-961FD0875B1A}"
EndProject
Global
	GlobalSection(SolutionConfigurationPlatforms) = preSolution
		Debug|Any CPU = Debug|Any CPU
		Debug|ARM = Debug|ARM
		Debug|x86 = Debug|x86
		Release|Any CPU = Release|Any CPU
		Release|ARM = Release|ARM
		Release|x86 = Release|x86
	EndGlobalSection
	GlobalSection(ProjectConfigurationPlatforms) = postSolution
		{BCBE9432-E1C2-4064-8295-E0DC82C43063}.Debug|Any CPU.ActiveCfg = Debug|Any CPU
		{BCBE9432-E1C2-4064-8295-E0DC82C43063}.Debug|Any CPU.Build.0 = Debug|Any CPU
		{BCBE9432-E1C2-4064-8295-E0DC82C43063}.Debug|ARM.ActiveCfg = Debug|Any CPU
		{BCBE9432-E1C2-4064-8295-E0DC82C43063}.Debug|ARM.Build.0 = Debug|Any CPU
		{BCBE9432-E1C2-4064-8295-E0DC82C43063}.Debug|x86.ActiveCfg = Debug|Any CPU
		{BCBE9432-E1C2-4064-8295-E0DC82C43063}.Debug|x86.Build.0 = Debug|Any CPU
		{BCBE9432-E1C2-4064-8295-E0DC82C43063}.Release|Any CPU.ActiveCfg = Release|Any CPU
		{BCBE9432-E1C2-4064-8295-E0DC82C43063}.Release|Any CPU.Build.0 = Release|Any CPU
		{BCBE9432-E1C2-4064-8295-E0DC82C43063}.Release|ARM.ActiveCfg = Release|Any CPU
		{BCBE9432-E1C2-4064-8295-E0DC82C43063}.Release|ARM.Build.0 = Release|Any CPU
		{BCBE9432-E1C2-4064-8295-E0DC82C43063}.Release|x86.ActiveCfg = Release|Any CPU
		{BCBE9432-E1C2-4064-8295-E0DC82C43063}.Release|x86.Build.0 = Release|Any CPU
		{081E97D3-6CA3-4ED7-B790-F913DDD1D2A4}.Debug|Any CPU.ActiveCfg = Debug|Any CPU
		{081E97D3-6CA3-4ED7-B790-F913DDD1D2A4}.Debug|Any CPU.Build.0 = Debug|Any CPU
		{081E97D3-6CA3-4ED7-B790-F913DDD1D2A4}.Debug|ARM.ActiveCfg = Debug|Any CPU
		{081E97D3-6CA3-4ED7-B790-F913DDD1D2A4}.Debug|ARM.Build.0 = Debug|Any CPU
		{081E97D3-6CA3-4ED7-B790-F913DDD1D2A4}.Debug|x86.ActiveCfg = Debug|Any CPU
		{081E97D3-6CA3-4ED7-B790-F913DDD1D2A4}.Debug|x86.Build.0 = Debug|Any CPU
		{081E97D3-6CA3-4ED7-B790-F913DDD1D2A4}.Release|Any CPU.ActiveCfg = Release|Any CPU
		{081E97D3-6CA3-4ED7-B790-F913DDD1D2A4}.Release|Any CPU.Build.0 = Release|Any CPU
		{081E97D3-6CA3-4ED7-B790-F913DDD1D2A4}.Release|ARM.ActiveCfg = Release|Any CPU
		{081E97D3-6CA3-4ED7-B790-F913DDD1D2A4}.Release|ARM.Build.0 = Release|Any CPU
		{081E97D3-6CA3-4ED7-B790-F913DDD1D2A4}.Release|x86.ActiveCfg = Release|Any CPU
		{081E97D3-6CA3-4ED7-B790-F913DDD1D2A4}.Release|x86.Build.0 = Release|Any CPU
		{6347770C-4F4A-4173-A2A8-83FF1D70A665}.Debug|Any CPU.ActiveCfg = Debug|Any CPU
		{6347770C-4F4A-4173-A2A8-83FF1D70A665}.Debug|Any CPU.Build.0 = Debug|Any CPU
		{6347770C-4F4A-4173-A2A8-83FF1D70A665}.Debug|ARM.ActiveCfg = Debug|Any CPU
		{6347770C-4F4A-4173-A2A8-83FF1D70A665}.Debug|ARM.Build.0 = Debug|Any CPU
		{6347770C-4F4A-4173-A2A8-83FF1D70A665}.Debug|x86.ActiveCfg = Debug|Any CPU
		{6347770C-4F4A-4173-A2A8-83FF1D70A665}.Debug|x86.Build.0 = Debug|Any CPU
		{6347770C-4F4A-4173-A2A8-83FF1D70A665}.Release|Any CPU.ActiveCfg = Release|Any CPU
		{6347770C-4F4A-4173-A2A8-83FF1D70A665}.Release|Any CPU.Build.0 = Release|Any CPU
		{6347770C-4F4A-4173-A2A8-83FF1D70A665}.Release|ARM.ActiveCfg = Release|Any CPU
		{6347770C-4F4A-4173-A2A8-83FF1D70A665}.Release|ARM.Build.0 = Release|Any CPU
		{6347770C-4F4A-4173-A2A8-83FF1D70A665}.Release|x86.ActiveCfg = Release|Any CPU
		{6347770C-4F4A-4173-A2A8-83FF1D70A665}.Release|x86.Build.0 = Release|Any CPU
		{439B3486-D701-4E29-8C3A-40310D35BD33}.Debug|Any CPU.ActiveCfg = Debug|Any CPU
		{439B3486-D701-4E29-8C3A-40310D35BD33}.Debug|Any CPU.Build.0 = Debug|Any CPU
		{439B3486-D701-4E29-8C3A-40310D35BD33}.Debug|ARM.ActiveCfg = Debug|Any CPU
		{439B3486-D701-4E29-8C3A-40310D35BD33}.Debug|ARM.Build.0 = Debug|Any CPU
		{439B3486-D701-4E29-8C3A-40310D35BD33}.Debug|x86.ActiveCfg = Debug|Any CPU
		{439B3486-D701-4E29-8C3A-40310D35BD33}.Debug|x86.Build.0 = Debug|Any CPU
		{439B3486-D701-4E29-8C3A-40310D35BD33}.Release|Any CPU.ActiveCfg = Release|Any CPU
		{439B3486-D701-4E29-8C3A-40310D35BD33}.Release|Any CPU.Build.0 = Release|Any CPU
		{439B3486-D701-4E29-8C3A-40310D35BD33}.Release|ARM.ActiveCfg = Release|Any CPU
		{439B3486-D701-4E29-8C3A-40310D35BD33}.Release|ARM.Build.0 = Release|Any CPU
		{439B3486-D701-4E29-8C3A-40310D35BD33}.Release|x86.ActiveCfg = Release|Any CPU
		{439B3486-D701-4E29-8C3A-40310D35BD33}.Release|x86.Build.0 = Release|Any CPU
		{6CD3F04A-7768-4561-BC5C-961FD0875B1A}.Debug|Any CPU.ActiveCfg = Debug|Any CPU
		{6CD3F04A-7768-4561-BC5C-961FD0875B1A}.Debug|Any CPU.Build.0 = Debug|Any CPU
		{6CD3F04A-7768-4561-BC5C-961FD0875B1A}.Debug|Any CPU.Deploy.0 = Debug|Any CPU
		{6CD3F04A-7768-4561-BC5C-961FD0875B1A}.Debug|ARM.ActiveCfg = Debug|ARM
		{6CD3F04A-7768-4561-BC5C-961FD0875B1A}.Debug|ARM.Build.0 = Debug|ARM
		{6CD3F04A-7768-4561-BC5C-961FD0875B1A}.Debug|ARM.Deploy.0 = Debug|ARM
		{6CD3F04A-7768-4561-BC5C-961FD0875B1A}.Debug|x86.ActiveCfg = Debug|x86
		{6CD3F04A-7768-4561-BC5C-961FD0875B1A}.Debug|x86.Build.0 = Debug|x86
		{6CD3F04A-7768-4561-BC5C-961FD0875B1A}.Debug|x86.Deploy.0 = Debug|x86
		{6CD3F04A-7768-4561-BC5C-961FD0875B1A}.Release|Any CPU.ActiveCfg = Release|Any CPU
		{6CD3F04A-7768-4561-BC5C-961FD0875B1A}.Release|Any CPU.Build.0 = Release|Any CPU
		{6CD3F04A-7768-4561-BC5C-961FD0875B1A}.Release|Any CPU.Deploy.0 = Release|Any CPU
		{6CD3F04A-7768-4561-BC5C-961FD0875B1A}.Release|ARM.ActiveCfg = Release|ARM
		{6CD3F04A-7768-4561-BC5C-961FD0875B1A}.Release|ARM.Build.0 = Release|ARM
		{6CD3F04A-7768-4561-BC5C-961FD0875B1A}.Release|ARM.Deploy.0 = Release|ARM
		{6CD3F04A-7768-4561-BC5C-961FD0875B1A}.Release|x86.ActiveCfg = Release|x86
		{6CD3F04A-7768-4561-BC5C-961FD0875B1A}.Release|x86.Build.0 = Release|x86
		{6CD3F04A-7768-4561-BC5C-961FD0875B1A}.Release|x86.Deploy.0 = Release|x86
	EndGlobalSection
	GlobalSection(SolutionProperties) = preSolution
		HideSolutionNode = FALSE
	EndGlobalSection
EndGlobal
